
Microsoft Visual Studio Solution File, Format Version 12.00
# Visual Studio 14
VisualStudioVersion = 14.0.25420.1
MinimumVisualStudioVersion = 10.0.40219.1
Project("{00D1A9C2-B5F0-4AF3-8072-F6C62B433612}") = "SFA.DAS.ReferenceData.Database", "SFA.DAS.ReferenceData.Organisations.Database\SFA.DAS.ReferenceData.Database.sqlproj", "{4730551F-4DEF-42CF-8229-8193A1736592}"
EndProject
Project("{CC5FD16D-436D-48AD-A40C-5A424C6E3E79}") = "SFA.DAS.ReferenceData.CloudService", "SFA.DAS.ReferenceData.CloudService\SFA.DAS.ReferenceData.CloudService.ccproj", "{78CA858F-BD6B-40CF-BEA3-5B1229CEF036}"
EndProject
Project("{2150E333-8FDC-42A3-9474-1A3956D46DE8}") = "Tests", "Tests", "{2A48E4D6-D887-483D-91AD-B9500A485371}"
EndProject
Project("{FAE04EC0-301F-11D3-BF4B-00C04F79EFBC}") = "SFA.DAS.ReferenceData.Api.UnitTests", "SFA.DAS.ReferenceData.Api.UnitTests\SFA.DAS.ReferenceData.Api.UnitTests.csproj", "{C471A44D-D065-441C-8CF7-C25D8D0026C1}"
EndProject
Project("{2150E333-8FDC-42A3-9474-1A3956D46DE8}") = "Solution Items", "Solution Items", "{AF433BAF-C8E0-45CF-9143-2CB2348BA904}"
	ProjectSection(SolutionItems) = preProject
		Build.fsx = Build.fsx
		RunBuild.bat = RunBuild.bat
	EndProjectSection
EndProject
Project("{FAE04EC0-301F-11D3-BF4B-00C04F79EFBC}") = "SFA.DAS.ReferenceData.Infrastructure", "SFA.DAS.ReferenceData.Infrastructure\SFA.DAS.ReferenceData.Infrastructure.csproj", "{11D97A4B-C768-4889-B61D-3D74A6A9B463}"
EndProject
Project("{FAE04EC0-301F-11D3-BF4B-00C04F79EFBC}") = "SFA.DAS.ReferenceData.Domain", "SFA.DAS.ReferenceData.Domain\SFA.DAS.ReferenceData.Domain.csproj", "{E9163292-3CF5-4B9C-A4F4-D9EE0CD1C4D5}"
EndProject
Project("{FAE04EC0-301F-11D3-BF4B-00C04F79EFBC}") = "SFA.DAS.ReferenceData.Application", "SFA.DAS.ReferenceData.Application\SFA.DAS.ReferenceData.Application.csproj", "{00CC4073-1EBA-42E3-8EFA-4249C694B2FE}"
EndProject
Project("{FAE04EC0-301F-11D3-BF4B-00C04F79EFBC}") = "SFA.DAS.ReferenceData.Application.UnitTests", "SFA.DAS.ReferenceData.Application.UnitTests\SFA.DAS.ReferenceData.Application.UnitTests.csproj", "{495F7A72-AB89-4C4C-BD90-A4549FDB0A44}"
EndProject
Project("{FAE04EC0-301F-11D3-BF4B-00C04F79EFBC}") = "SFA.DAS.ReferenceData.Api", "SFA.DAS.ReferenceData.Api\SFA.DAS.ReferenceData.Api.csproj", "{48F11746-B2E2-4AC9-B5EA-2AEFD7BC94D1}"
EndProject
Project("{FAE04EC0-301F-11D3-BF4B-00C04F79EFBC}") = "SFA.DAS.ReferenceData.Infrastructure.UnitTests", "SFA.DAS.ReferenceData.Infrastructure.UnitTests\SFA.DAS.ReferenceData.Infrastructure.UnitTests.csproj", "{9477BE74-E86C-4786-BB1B-52F05F608E61}"
EndProject
Global
	GlobalSection(SolutionConfigurationPlatforms) = preSolution
		Debug|Any CPU = Debug|Any CPU
		Release|Any CPU = Release|Any CPU
	EndGlobalSection
	GlobalSection(ProjectConfigurationPlatforms) = postSolution
		{4730551F-4DEF-42CF-8229-8193A1736592}.Debug|Any CPU.ActiveCfg = Debug|Any CPU
		{4730551F-4DEF-42CF-8229-8193A1736592}.Debug|Any CPU.Build.0 = Debug|Any CPU
		{4730551F-4DEF-42CF-8229-8193A1736592}.Debug|Any CPU.Deploy.0 = Debug|Any CPU
		{4730551F-4DEF-42CF-8229-8193A1736592}.Release|Any CPU.ActiveCfg = Release|Any CPU
		{4730551F-4DEF-42CF-8229-8193A1736592}.Release|Any CPU.Build.0 = Release|Any CPU
		{4730551F-4DEF-42CF-8229-8193A1736592}.Release|Any CPU.Deploy.0 = Release|Any CPU
		{78CA858F-BD6B-40CF-BEA3-5B1229CEF036}.Debug|Any CPU.ActiveCfg = Debug|Any CPU
		{78CA858F-BD6B-40CF-BEA3-5B1229CEF036}.Debug|Any CPU.Build.0 = Debug|Any CPU
		{78CA858F-BD6B-40CF-BEA3-5B1229CEF036}.Release|Any CPU.ActiveCfg = Release|Any CPU
		{78CA858F-BD6B-40CF-BEA3-5B1229CEF036}.Release|Any CPU.Build.0 = Release|Any CPU
		{C471A44D-D065-441C-8CF7-C25D8D0026C1}.Debug|Any CPU.ActiveCfg = Debug|Any CPU
		{C471A44D-D065-441C-8CF7-C25D8D0026C1}.Debug|Any CPU.Build.0 = Debug|Any CPU
		{C471A44D-D065-441C-8CF7-C25D8D0026C1}.Release|Any CPU.ActiveCfg = Release|Any CPU
		{C471A44D-D065-441C-8CF7-C25D8D0026C1}.Release|Any CPU.Build.0 = Release|Any CPU
		{11D97A4B-C768-4889-B61D-3D74A6A9B463}.Debug|Any CPU.ActiveCfg = Debug|Any CPU
		{11D97A4B-C768-4889-B61D-3D74A6A9B463}.Debug|Any CPU.Build.0 = Debug|Any CPU
		{11D97A4B-C768-4889-B61D-3D74A6A9B463}.Release|Any CPU.ActiveCfg = Release|Any CPU
		{11D97A4B-C768-4889-B61D-3D74A6A9B463}.Release|Any CPU.Build.0 = Release|Any CPU
		{E9163292-3CF5-4B9C-A4F4-D9EE0CD1C4D5}.Debug|Any CPU.ActiveCfg = Debug|Any CPU
		{E9163292-3CF5-4B9C-A4F4-D9EE0CD1C4D5}.Debug|Any CPU.Build.0 = Debug|Any CPU
		{E9163292-3CF5-4B9C-A4F4-D9EE0CD1C4D5}.Release|Any CPU.ActiveCfg = Release|Any CPU
		{E9163292-3CF5-4B9C-A4F4-D9EE0CD1C4D5}.Release|Any CPU.Build.0 = Release|Any CPU
		{00CC4073-1EBA-42E3-8EFA-4249C694B2FE}.Debug|Any CPU.ActiveCfg = Debug|Any CPU
		{00CC4073-1EBA-42E3-8EFA-4249C694B2FE}.Debug|Any CPU.Build.0 = Debug|Any CPU
		{00CC4073-1EBA-42E3-8EFA-4249C694B2FE}.Release|Any CPU.ActiveCfg = Release|Any CPU
		{00CC4073-1EBA-42E3-8EFA-4249C694B2FE}.Release|Any CPU.Build.0 = Release|Any CPU
		{495F7A72-AB89-4C4C-BD90-A4549FDB0A44}.Debug|Any CPU.ActiveCfg = Debug|Any CPU
		{495F7A72-AB89-4C4C-BD90-A4549FDB0A44}.Debug|Any CPU.Build.0 = Debug|Any CPU
		{495F7A72-AB89-4C4C-BD90-A4549FDB0A44}.Release|Any CPU.ActiveCfg = Release|Any CPU
		{495F7A72-AB89-4C4C-BD90-A4549FDB0A44}.Release|Any CPU.Build.0 = Release|Any CPU
		{48F11746-B2E2-4AC9-B5EA-2AEFD7BC94D1}.Debug|Any CPU.ActiveCfg = Debug|Any CPU
		{48F11746-B2E2-4AC9-B5EA-2AEFD7BC94D1}.Debug|Any CPU.Build.0 = Debug|Any CPU
		{48F11746-B2E2-4AC9-B5EA-2AEFD7BC94D1}.Release|Any CPU.ActiveCfg = Release|Any CPU
		{48F11746-B2E2-4AC9-B5EA-2AEFD7BC94D1}.Release|Any CPU.Build.0 = Release|Any CPU
		{9477BE74-E86C-4786-BB1B-52F05F608E61}.Debug|Any CPU.ActiveCfg = Debug|Any CPU
		{9477BE74-E86C-4786-BB1B-52F05F608E61}.Debug|Any CPU.Build.0 = Debug|Any CPU
		{9477BE74-E86C-4786-BB1B-52F05F608E61}.Release|Any CPU.ActiveCfg = Release|Any CPU
		{9477BE74-E86C-4786-BB1B-52F05F608E61}.Release|Any CPU.Build.0 = Release|Any CPU
	EndGlobalSection
	GlobalSection(SolutionProperties) = preSolution
		HideSolutionNode = FALSE
	EndGlobalSection
	GlobalSection(NestedProjects) = preSolution
		{C471A44D-D065-441C-8CF7-C25D8D0026C1} = {2A48E4D6-D887-483D-91AD-B9500A485371}
		{495F7A72-AB89-4C4C-BD90-A4549FDB0A44} = {2A48E4D6-D887-483D-91AD-B9500A485371}
		{9477BE74-E86C-4786-BB1B-52F05F608E61} = {2A48E4D6-D887-483D-91AD-B9500A485371}
	EndGlobalSection
EndGlobal
