
Microsoft Visual Studio Solution File, Format Version 12.00
# Visual Studio 15
VisualStudioVersion = 15.0.27004.2009
MinimumVisualStudioVersion = 10.0.40219.1
Project("{00D1A9C2-B5F0-4AF3-8072-F6C62B433612}") = "SFA.DAS.ReferenceData.Database", "SFA.DAS.ReferenceData.Organisations.Database\SFA.DAS.ReferenceData.Database.sqlproj", "{4730551F-4DEF-42CF-8229-8193A1736592}"
EndProject
Project("{2150E333-8FDC-42A3-9474-1A3956D46DE8}") = "Tests", "Tests", "{2A48E4D6-D887-483D-91AD-B9500A485371}"
EndProject
Project("{FAE04EC0-301F-11D3-BF4B-00C04F79EFBC}") = "SFA.DAS.ReferenceData.Api.UnitTests", "SFA.DAS.ReferenceData.Api.UnitTests\SFA.DAS.ReferenceData.Api.UnitTests.csproj", "{C471A44D-D065-441C-8CF7-C25D8D0026C1}"
EndProject
Project("{FAE04EC0-301F-11D3-BF4B-00C04F79EFBC}") = "SFA.DAS.ReferenceData.Infrastructure", "SFA.DAS.ReferenceData.Infrastructure\SFA.DAS.ReferenceData.Infrastructure.csproj", "{11D97A4B-C768-4889-B61D-3D74A6A9B463}"
EndProject
Project("{FAE04EC0-301F-11D3-BF4B-00C04F79EFBC}") = "SFA.DAS.ReferenceData.Domain", "SFA.DAS.ReferenceData.Domain\SFA.DAS.ReferenceData.Domain.csproj", "{E9163292-3CF5-4B9C-A4F4-D9EE0CD1C4D5}"
EndProject
Project("{FAE04EC0-301F-11D3-BF4B-00C04F79EFBC}") = "SFA.DAS.ReferenceData.Application", "SFA.DAS.ReferenceData.Application\SFA.DAS.ReferenceData.Application.csproj", "{00CC4073-1EBA-42E3-8EFA-4249C694B2FE}"
EndProject
Project("{FAE04EC0-301F-11D3-BF4B-00C04F79EFBC}") = "SFA.DAS.ReferenceData.Application.UnitTests", "SFA.DAS.ReferenceData.Application.UnitTests\SFA.DAS.ReferenceData.Application.UnitTests.csproj", "{495F7A72-AB89-4C4C-BD90-A4549FDB0A44}"
EndProject
Project("{FAE04EC0-301F-11D3-BF4B-00C04F79EFBC}") = "SFA.DAS.ReferenceData.Api", "SFA.DAS.ReferenceData.Api\SFA.DAS.ReferenceData.Api.csproj", "{48F11746-B2E2-4AC9-B5EA-2AEFD7BC94D1}"
EndProject
Project("{FAE04EC0-301F-11D3-BF4B-00C04F79EFBC}") = "SFA.DAS.ReferenceData.CharityImport.WebJob", "SFA.DAS.ReferenceData.CharityImport.WebJob\SFA.DAS.ReferenceData.CharityImport.WebJob.csproj", "{8A6E3A3D-4B78-4DD9-99EC-57601170779A}"
EndProject
Project("{FAE04EC0-301F-11D3-BF4B-00C04F79EFBC}") = "SFA.DAS.ReferenceData.CharityImport.WebJob.UnitTests", "SFA.DAS.ReferenceData.CharityImport.WebJob.UnitTests\SFA.DAS.ReferenceData.CharityImport.WebJob.UnitTests.csproj", "{655DA797-11A7-4A2A-A681-908C5CFEEC83}"
EndProject
Project("{FAE04EC0-301F-11D3-BF4B-00C04F79EFBC}") = "SFA.DAS.ReferenceData.Infrastructure.UnitTests", "SFA.DAS.ReferenceData.Infrastructure.UnitTests\SFA.DAS.ReferenceData.Infrastructure.UnitTests.csproj", "{9477BE74-E86C-4786-BB1B-52F05F608E61}"
EndProject
Project("{FAE04EC0-301F-11D3-BF4B-00C04F79EFBC}") = "SFA.DAS.ReferenceData.Api.Client", "SFA.DAS.ReferenceData.Api.Client\SFA.DAS.ReferenceData.Api.Client.csproj", "{AAEEAB67-1780-4D6B-8F18-801ADF0023F6}"
EndProject
Project("{FAE04EC0-301F-11D3-BF4B-00C04F79EFBC}") = "SFA.DAS.ReferenceData.Api.Client.UnitTests", "SFA.DAS.ReferenceData.Api.Client.UnitTests\SFA.DAS.ReferenceData.Api.Client.UnitTests.csproj", "{630766FB-69F0-4E15-8B71-2708BAA2AAA6}"
EndProject
Project("{FAE04EC0-301F-11D3-BF4B-00C04F79EFBC}") = "SFA.DAS.ReferenceData.Api.Client.TestHarness", "SFA.DAS.ReferenceData.Api.Client.TestHarness\SFA.DAS.ReferenceData.Api.Client.TestHarness.csproj", "{E5B82018-E6C5-4915-841C-6A40257BDAA1}"
EndProject
Project("{FAE04EC0-301F-11D3-BF4B-00C04F79EFBC}") = "SFA.DAS.ReferenceData.PublicSectorOrgs.WebJob", "SFA.DAS.ReferenceData.PublicSectorOrgs.WebJob\SFA.DAS.ReferenceData.PublicSectorOrgs.WebJob.csproj", "{4FA94FAF-A8C5-42D4-9072-3A2A5BE8AF55}"
EndProject
Project("{FAE04EC0-301F-11D3-BF4B-00C04F79EFBC}") = "SFA.DAS.ReferenceData.Host.WebJob", "SFA.DAS.ReferenceData.Host.WebJob\SFA.DAS.ReferenceData.Host.WebJob.csproj", "{52292263-4BED-44B5-9446-11D88AD03CF9}"
EndProject
Project("{FAE04EC0-301F-11D3-BF4B-00C04F79EFBC}") = "SFA.DAS.ReferenceData.PublicSectorOrgs.WebJob.UnitTests", "SFA.DAS.ReferenceData.PublicSectorOrgs.WebJob.UnitTests\SFA.DAS.ReferenceData.PublicSectorOrgs.WebJob.UnitTests.csproj", "{BB9190EF-5C20-4CAE-A0AE-03B00BC6C703}"
EndProject
Project("{FAE04EC0-301F-11D3-BF4B-00C04F79EFBC}") = "SFA.DAS.ReferenceData.EducationOrgsImporter.WebJob", "SFA.DAS.ReferenceData.EducationOrgsImporter.WebJob\SFA.DAS.ReferenceData.EducationOrgsImporter.WebJob.csproj", "{39358BDF-606F-45B5-948A-D45A5E41A42B}"
EndProject
Project("{FAE04EC0-301F-11D3-BF4B-00C04F79EFBC}") = "SFA.DAS.ReferenceData.EducationalOrgsImporter.WebJob.UnitTests", "SFA.DAS.ReferenceData.EducationalOrgsImporter.WebJob.UnitTests\SFA.DAS.ReferenceData.EducationalOrgsImporter.WebJob.UnitTests.csproj", "{8182C216-4F48-4E47-ACE6-911F688F37D6}"
EndProject
Project("{FAE04EC0-301F-11D3-BF4B-00C04F79EFBC}") = "SFA.DAS.ReferenceData.Types", "SFA.DAS.ReferenceData.Types\SFA.DAS.ReferenceData.Types.csproj", "{B4621617-E571-4118-A6F6-964F65BB67EC}"
EndProject
Global
	GlobalSection(SolutionConfigurationPlatforms) = preSolution
		Debug|Any CPU = Debug|Any CPU
		Release|Any CPU = Release|Any CPU
	EndGlobalSection
	GlobalSection(ProjectConfigurationPlatforms) = postSolution
		{4730551F-4DEF-42CF-8229-8193A1736592}.Debug|Any CPU.ActiveCfg = Debug|Any CPU
		{4730551F-4DEF-42CF-8229-8193A1736592}.Debug|Any CPU.Build.0 = Debug|Any CPU
		{4730551F-4DEF-42CF-8229-8193A1736592}.Debug|Any CPU.Deploy.0 = Debug|Any CPU
		{4730551F-4DEF-42CF-8229-8193A1736592}.Release|Any CPU.ActiveCfg = Release|Any CPU
		{4730551F-4DEF-42CF-8229-8193A1736592}.Release|Any CPU.Build.0 = Release|Any CPU
		{4730551F-4DEF-42CF-8229-8193A1736592}.Release|Any CPU.Deploy.0 = Release|Any CPU
		{C471A44D-D065-441C-8CF7-C25D8D0026C1}.Debug|Any CPU.ActiveCfg = Debug|Any CPU
		{C471A44D-D065-441C-8CF7-C25D8D0026C1}.Debug|Any CPU.Build.0 = Debug|Any CPU
		{C471A44D-D065-441C-8CF7-C25D8D0026C1}.Release|Any CPU.ActiveCfg = Release|Any CPU
		{C471A44D-D065-441C-8CF7-C25D8D0026C1}.Release|Any CPU.Build.0 = Release|Any CPU
		{11D97A4B-C768-4889-B61D-3D74A6A9B463}.Debug|Any CPU.ActiveCfg = Debug|Any CPU
		{11D97A4B-C768-4889-B61D-3D74A6A9B463}.Debug|Any CPU.Build.0 = Debug|Any CPU
		{11D97A4B-C768-4889-B61D-3D74A6A9B463}.Release|Any CPU.ActiveCfg = Release|Any CPU
		{11D97A4B-C768-4889-B61D-3D74A6A9B463}.Release|Any CPU.Build.0 = Release|Any CPU
		{E9163292-3CF5-4B9C-A4F4-D9EE0CD1C4D5}.Debug|Any CPU.ActiveCfg = Debug|Any CPU
		{E9163292-3CF5-4B9C-A4F4-D9EE0CD1C4D5}.Debug|Any CPU.Build.0 = Debug|Any CPU
		{E9163292-3CF5-4B9C-A4F4-D9EE0CD1C4D5}.Release|Any CPU.ActiveCfg = Release|Any CPU
		{E9163292-3CF5-4B9C-A4F4-D9EE0CD1C4D5}.Release|Any CPU.Build.0 = Release|Any CPU
		{00CC4073-1EBA-42E3-8EFA-4249C694B2FE}.Debug|Any CPU.ActiveCfg = Debug|Any CPU
		{00CC4073-1EBA-42E3-8EFA-4249C694B2FE}.Debug|Any CPU.Build.0 = Debug|Any CPU
		{00CC4073-1EBA-42E3-8EFA-4249C694B2FE}.Release|Any CPU.ActiveCfg = Release|Any CPU
		{00CC4073-1EBA-42E3-8EFA-4249C694B2FE}.Release|Any CPU.Build.0 = Release|Any CPU
		{495F7A72-AB89-4C4C-BD90-A4549FDB0A44}.Debug|Any CPU.ActiveCfg = Debug|Any CPU
		{495F7A72-AB89-4C4C-BD90-A4549FDB0A44}.Debug|Any CPU.Build.0 = Debug|Any CPU
		{495F7A72-AB89-4C4C-BD90-A4549FDB0A44}.Release|Any CPU.ActiveCfg = Release|Any CPU
		{495F7A72-AB89-4C4C-BD90-A4549FDB0A44}.Release|Any CPU.Build.0 = Release|Any CPU
		{48F11746-B2E2-4AC9-B5EA-2AEFD7BC94D1}.Debug|Any CPU.ActiveCfg = Debug|Any CPU
		{48F11746-B2E2-4AC9-B5EA-2AEFD7BC94D1}.Debug|Any CPU.Build.0 = Debug|Any CPU
		{48F11746-B2E2-4AC9-B5EA-2AEFD7BC94D1}.Release|Any CPU.ActiveCfg = Release|Any CPU
		{48F11746-B2E2-4AC9-B5EA-2AEFD7BC94D1}.Release|Any CPU.Build.0 = Release|Any CPU
		{8A6E3A3D-4B78-4DD9-99EC-57601170779A}.Debug|Any CPU.ActiveCfg = Debug|Any CPU
		{8A6E3A3D-4B78-4DD9-99EC-57601170779A}.Debug|Any CPU.Build.0 = Debug|Any CPU
		{8A6E3A3D-4B78-4DD9-99EC-57601170779A}.Release|Any CPU.ActiveCfg = Release|Any CPU
		{8A6E3A3D-4B78-4DD9-99EC-57601170779A}.Release|Any CPU.Build.0 = Release|Any CPU
		{655DA797-11A7-4A2A-A681-908C5CFEEC83}.Debug|Any CPU.ActiveCfg = Debug|Any CPU
		{655DA797-11A7-4A2A-A681-908C5CFEEC83}.Debug|Any CPU.Build.0 = Debug|Any CPU
		{655DA797-11A7-4A2A-A681-908C5CFEEC83}.Release|Any CPU.ActiveCfg = Release|Any CPU
		{655DA797-11A7-4A2A-A681-908C5CFEEC83}.Release|Any CPU.Build.0 = Release|Any CPU
		{9477BE74-E86C-4786-BB1B-52F05F608E61}.Debug|Any CPU.ActiveCfg = Debug|Any CPU
		{9477BE74-E86C-4786-BB1B-52F05F608E61}.Debug|Any CPU.Build.0 = Debug|Any CPU
		{9477BE74-E86C-4786-BB1B-52F05F608E61}.Release|Any CPU.ActiveCfg = Release|Any CPU
		{9477BE74-E86C-4786-BB1B-52F05F608E61}.Release|Any CPU.Build.0 = Release|Any CPU
		{AAEEAB67-1780-4D6B-8F18-801ADF0023F6}.Debug|Any CPU.ActiveCfg = Debug|Any CPU
		{AAEEAB67-1780-4D6B-8F18-801ADF0023F6}.Debug|Any CPU.Build.0 = Debug|Any CPU
		{AAEEAB67-1780-4D6B-8F18-801ADF0023F6}.Release|Any CPU.ActiveCfg = Release|Any CPU
		{AAEEAB67-1780-4D6B-8F18-801ADF0023F6}.Release|Any CPU.Build.0 = Release|Any CPU
		{630766FB-69F0-4E15-8B71-2708BAA2AAA6}.Debug|Any CPU.ActiveCfg = Debug|Any CPU
		{630766FB-69F0-4E15-8B71-2708BAA2AAA6}.Debug|Any CPU.Build.0 = Debug|Any CPU
		{630766FB-69F0-4E15-8B71-2708BAA2AAA6}.Release|Any CPU.ActiveCfg = Release|Any CPU
		{630766FB-69F0-4E15-8B71-2708BAA2AAA6}.Release|Any CPU.Build.0 = Release|Any CPU
		{E5B82018-E6C5-4915-841C-6A40257BDAA1}.Debug|Any CPU.ActiveCfg = Debug|Any CPU
		{E5B82018-E6C5-4915-841C-6A40257BDAA1}.Debug|Any CPU.Build.0 = Debug|Any CPU
		{E5B82018-E6C5-4915-841C-6A40257BDAA1}.Release|Any CPU.ActiveCfg = Release|Any CPU
		{E5B82018-E6C5-4915-841C-6A40257BDAA1}.Release|Any CPU.Build.0 = Release|Any CPU
		{4FA94FAF-A8C5-42D4-9072-3A2A5BE8AF55}.Debug|Any CPU.ActiveCfg = Debug|Any CPU
		{4FA94FAF-A8C5-42D4-9072-3A2A5BE8AF55}.Debug|Any CPU.Build.0 = Debug|Any CPU
		{4FA94FAF-A8C5-42D4-9072-3A2A5BE8AF55}.Release|Any CPU.ActiveCfg = Release|Any CPU
		{4FA94FAF-A8C5-42D4-9072-3A2A5BE8AF55}.Release|Any CPU.Build.0 = Release|Any CPU
		{52292263-4BED-44B5-9446-11D88AD03CF9}.Debug|Any CPU.ActiveCfg = Debug|Any CPU
		{52292263-4BED-44B5-9446-11D88AD03CF9}.Debug|Any CPU.Build.0 = Debug|Any CPU
		{52292263-4BED-44B5-9446-11D88AD03CF9}.Release|Any CPU.ActiveCfg = Release|Any CPU
		{52292263-4BED-44B5-9446-11D88AD03CF9}.Release|Any CPU.Build.0 = Release|Any CPU
		{BB9190EF-5C20-4CAE-A0AE-03B00BC6C703}.Debug|Any CPU.ActiveCfg = Debug|Any CPU
		{BB9190EF-5C20-4CAE-A0AE-03B00BC6C703}.Debug|Any CPU.Build.0 = Debug|Any CPU
		{BB9190EF-5C20-4CAE-A0AE-03B00BC6C703}.Release|Any CPU.ActiveCfg = Release|Any CPU
		{BB9190EF-5C20-4CAE-A0AE-03B00BC6C703}.Release|Any CPU.Build.0 = Release|Any CPU
		{39358BDF-606F-45B5-948A-D45A5E41A42B}.Debug|Any CPU.ActiveCfg = Debug|Any CPU
		{39358BDF-606F-45B5-948A-D45A5E41A42B}.Debug|Any CPU.Build.0 = Debug|Any CPU
		{39358BDF-606F-45B5-948A-D45A5E41A42B}.Release|Any CPU.ActiveCfg = Release|Any CPU
		{39358BDF-606F-45B5-948A-D45A5E41A42B}.Release|Any CPU.Build.0 = Release|Any CPU
		{8182C216-4F48-4E47-ACE6-911F688F37D6}.Debug|Any CPU.ActiveCfg = Debug|Any CPU
		{8182C216-4F48-4E47-ACE6-911F688F37D6}.Debug|Any CPU.Build.0 = Debug|Any CPU
		{8182C216-4F48-4E47-ACE6-911F688F37D6}.Release|Any CPU.ActiveCfg = Release|Any CPU
		{8182C216-4F48-4E47-ACE6-911F688F37D6}.Release|Any CPU.Build.0 = Release|Any CPU
		{B4621617-E571-4118-A6F6-964F65BB67EC}.Debug|Any CPU.ActiveCfg = Debug|Any CPU
		{B4621617-E571-4118-A6F6-964F65BB67EC}.Debug|Any CPU.Build.0 = Debug|Any CPU
		{B4621617-E571-4118-A6F6-964F65BB67EC}.Release|Any CPU.ActiveCfg = Release|Any CPU
		{B4621617-E571-4118-A6F6-964F65BB67EC}.Release|Any CPU.Build.0 = Release|Any CPU
	EndGlobalSection
	GlobalSection(SolutionProperties) = preSolution
		HideSolutionNode = FALSE
	EndGlobalSection
	GlobalSection(NestedProjects) = preSolution
		{C471A44D-D065-441C-8CF7-C25D8D0026C1} = {2A48E4D6-D887-483D-91AD-B9500A485371}
		{495F7A72-AB89-4C4C-BD90-A4549FDB0A44} = {2A48E4D6-D887-483D-91AD-B9500A485371}
		{655DA797-11A7-4A2A-A681-908C5CFEEC83} = {2A48E4D6-D887-483D-91AD-B9500A485371}
		{9477BE74-E86C-4786-BB1B-52F05F608E61} = {2A48E4D6-D887-483D-91AD-B9500A485371}
		{630766FB-69F0-4E15-8B71-2708BAA2AAA6} = {2A48E4D6-D887-483D-91AD-B9500A485371}
		{BB9190EF-5C20-4CAE-A0AE-03B00BC6C703} = {2A48E4D6-D887-483D-91AD-B9500A485371}
		{8182C216-4F48-4E47-ACE6-911F688F37D6} = {2A48E4D6-D887-483D-91AD-B9500A485371}
	EndGlobalSection
	GlobalSection(ExtensibilityGlobals) = postSolution
		SolutionGuid = {908E6E5A-F951-4D5C-B005-76C21A23E990}
	EndGlobalSection
EndGlobal
